// !$*UTF8*$!
{
	archiveVersion = 1;
	classes = {
	};
	objectVersion = 55;
	objects = {

/* Begin PBXBuildFile section */
		795D928C4ABD8EF765329F7D /* Pods_PersonalDiary.framework in Frameworks */ = {isa = PBXBuildFile; fileRef = E3A97496B8768EA922F1A49F /* Pods_PersonalDiary.framework */; };
		AC6EAB3628B4FF35004D5884 /* AssemblyPersonalDiary.swift in Sources */ = {isa = PBXBuildFile; fileRef = AC6EAB3528B4FF35004D5884 /* AssemblyPersonalDiary.swift */; };
		AC72F4A128B4E857001FD18D /* AppDelegate.swift in Sources */ = {isa = PBXBuildFile; fileRef = AC72F4A028B4E857001FD18D /* AppDelegate.swift */; };
		AC72F4A328B4E857001FD18D /* SceneDelegate.swift in Sources */ = {isa = PBXBuildFile; fileRef = AC72F4A228B4E857001FD18D /* SceneDelegate.swift */; };
		AC72F4A528B4E857001FD18D /* ViewController.swift in Sources */ = {isa = PBXBuildFile; fileRef = AC72F4A428B4E857001FD18D /* ViewController.swift */; };
		AC72F4AA28B4E859001FD18D /* Assets.xcassets in Resources */ = {isa = PBXBuildFile; fileRef = AC72F4A928B4E859001FD18D /* Assets.xcassets */; };
		AC72F4AD28B4E859001FD18D /* LaunchScreen.storyboard in Resources */ = {isa = PBXBuildFile; fileRef = AC72F4AB28B4E859001FD18D /* LaunchScreen.storyboard */; };
/* End PBXBuildFile section */

/* Begin PBXFileReference section */
		83F9009C3FC0CBA619E0E404 /* Pods-PersonalDiary.debug.xcconfig */ = {isa = PBXFileReference; includeInIndex = 1; lastKnownFileType = text.xcconfig; name = "Pods-PersonalDiary.debug.xcconfig"; path = "Target Support Files/Pods-PersonalDiary/Pods-PersonalDiary.debug.xcconfig"; sourceTree = "<group>"; };
		A9BD17CC1128748E48FC7DEC /* Pods-PersonalDiary.release.xcconfig */ = {isa = PBXFileReference; includeInIndex = 1; lastKnownFileType = text.xcconfig; name = "Pods-PersonalDiary.release.xcconfig"; path = "Target Support Files/Pods-PersonalDiary/Pods-PersonalDiary.release.xcconfig"; sourceTree = "<group>"; };
		AC6EAB3528B4FF35004D5884 /* AssemblyPersonalDiary.swift */ = {isa = PBXFileReference; lastKnownFileType = sourcecode.swift; path = AssemblyPersonalDiary.swift; sourceTree = "<group>"; };
		AC72F49D28B4E857001FD18D /* PersonalDiary.app */ = {isa = PBXFileReference; explicitFileType = wrapper.application; includeInIndex = 0; path = PersonalDiary.app; sourceTree = BUILT_PRODUCTS_DIR; };
		AC72F4A028B4E857001FD18D /* AppDelegate.swift */ = {isa = PBXFileReference; lastKnownFileType = sourcecode.swift; path = AppDelegate.swift; sourceTree = "<group>"; };
		AC72F4A228B4E857001FD18D /* SceneDelegate.swift */ = {isa = PBXFileReference; lastKnownFileType = sourcecode.swift; path = SceneDelegate.swift; sourceTree = "<group>"; };
		AC72F4A428B4E857001FD18D /* ViewController.swift */ = {isa = PBXFileReference; lastKnownFileType = sourcecode.swift; path = ViewController.swift; sourceTree = "<group>"; };
		AC72F4A928B4E859001FD18D /* Assets.xcassets */ = {isa = PBXFileReference; lastKnownFileType = folder.assetcatalog; path = Assets.xcassets; sourceTree = "<group>"; };
		AC72F4AC28B4E859001FD18D /* Base */ = {isa = PBXFileReference; lastKnownFileType = file.storyboard; name = Base; path = Base.lproj/LaunchScreen.storyboard; sourceTree = "<group>"; };
		AC72F4AE28B4E859001FD18D /* Info.plist */ = {isa = PBXFileReference; lastKnownFileType = text.plist.xml; path = Info.plist; sourceTree = "<group>"; };
		E3A97496B8768EA922F1A49F /* Pods_PersonalDiary.framework */ = {isa = PBXFileReference; explicitFileType = wrapper.framework; includeInIndex = 0; path = Pods_PersonalDiary.framework; sourceTree = BUILT_PRODUCTS_DIR; };
/* End PBXFileReference section */

/* Begin PBXFrameworksBuildPhase section */
		AC72F49A28B4E857001FD18D /* Frameworks */ = {
			isa = PBXFrameworksBuildPhase;
			buildActionMask = 2147483647;
			files = (
				795D928C4ABD8EF765329F7D /* Pods_PersonalDiary.framework in Frameworks */,
			);
			runOnlyForDeploymentPostprocessing = 0;
		};
/* End PBXFrameworksBuildPhase section */

/* Begin PBXGroup section */
		00A761C7290C112FDBEF522B /* Pods */ = {
			isa = PBXGroup;
			children = (
				83F9009C3FC0CBA619E0E404 /* Pods-PersonalDiary.debug.xcconfig */,
				A9BD17CC1128748E48FC7DEC /* Pods-PersonalDiary.release.xcconfig */,
			);
			path = Pods;
			sourceTree = "<group>";
		};
		AC72F49428B4E857001FD18D = {
			isa = PBXGroup;
			children = (
				AC72F49F28B4E857001FD18D /* PersonalDiary */,
				AC72F49E28B4E857001FD18D /* Products */,
				00A761C7290C112FDBEF522B /* Pods */,
				B9A7D1F85A6AF99E7DB3007E /* Frameworks */,
			);
			sourceTree = "<group>";
		};
		AC72F49E28B4E857001FD18D /* Products */ = {
			isa = PBXGroup;
			children = (
				AC72F49D28B4E857001FD18D /* PersonalDiary.app */,
			);
			name = Products;
			sourceTree = "<group>";
		};
		AC72F49F28B4E857001FD18D /* PersonalDiary */ = {
			isa = PBXGroup;
			children = (
				AC72F4A028B4E857001FD18D /* AppDelegate.swift */,
				AC72F4A228B4E857001FD18D /* SceneDelegate.swift */,
				AC72F4A428B4E857001FD18D /* ViewController.swift */,
				AC72F4A928B4E859001FD18D /* Assets.xcassets */,
				AC72F4AB28B4E859001FD18D /* LaunchScreen.storyboard */,
				AC72F4AE28B4E859001FD18D /* Info.plist */,
				AC6EAB3528B4FF35004D5884 /* AssemblyPersonalDiary.swift */,
			);
			path = PersonalDiary;
			sourceTree = "<group>";
		};
		B9A7D1F85A6AF99E7DB3007E /* Frameworks */ = {
			isa = PBXGroup;
			children = (
				E3A97496B8768EA922F1A49F /* Pods_PersonalDiary.framework */,
			);
			name = Frameworks;
			sourceTree = "<group>";
		};
/* End PBXGroup section */

/* Begin PBXNativeTarget section */
		AC72F49C28B4E857001FD18D /* PersonalDiary */ = {
			isa = PBXNativeTarget;
			buildConfigurationList = AC72F4B128B4E859001FD18D /* Build configuration list for PBXNativeTarget "PersonalDiary" */;
			buildPhases = (
				624AAACA45CBF004A27E26E6 /* [CP] Check Pods Manifest.lock */,
				AC72F49928B4E857001FD18D /* Sources */,
				AC72F49A28B4E857001FD18D /* Frameworks */,
				AC72F49B28B4E857001FD18D /* Resources */,
				A5F510C853648A5D84FA156A /* [CP] Embed Pods Frameworks */,
			);
			buildRules = (
			);
			dependencies = (
			);
			name = PersonalDiary;
			productName = PersonalDiary;
			productReference = AC72F49D28B4E857001FD18D /* PersonalDiary.app */;
			productType = "com.apple.product-type.application";
		};
/* End PBXNativeTarget section */

/* Begin PBXProject section */
		AC72F49528B4E857001FD18D /* Project object */ = {
			isa = PBXProject;
			attributes = {
				BuildIndependentTargetsInParallel = 1;
				LastSwiftUpdateCheck = 1340;
				LastUpgradeCheck = 1340;
				TargetAttributes = {
					AC72F49C28B4E857001FD18D = {
						CreatedOnToolsVersion = 13.4.1;
					};
				};
			};
			buildConfigurationList = AC72F49828B4E857001FD18D /* Build configuration list for PBXProject "PersonalDiary" */;
			compatibilityVersion = "Xcode 13.0";
			developmentRegion = en;
			hasScannedForEncodings = 0;
			knownRegions = (
				en,
				Base,
			);
			mainGroup = AC72F49428B4E857001FD18D;
			productRefGroup = AC72F49E28B4E857001FD18D /* Products */;
			projectDirPath = "";
			projectRoot = "";
			targets = (
				AC72F49C28B4E857001FD18D /* PersonalDiary */,
			);
		};
/* End PBXProject section */

/* Begin PBXResourcesBuildPhase section */
		AC72F49B28B4E857001FD18D /* Resources */ = {
			isa = PBXResourcesBuildPhase;
			buildActionMask = 2147483647;
			files = (
				AC72F4AD28B4E859001FD18D /* LaunchScreen.storyboard in Resources */,
				AC72F4AA28B4E859001FD18D /* Assets.xcassets in Resources */,
			);
			runOnlyForDeploymentPostprocessing = 0;
		};
/* End PBXResourcesBuildPhase section */

/* Begin PBXShellScriptBuildPhase section */
		624AAACA45CBF004A27E26E6 /* [CP] Check Pods Manifest.lock */ = {
			isa = PBXShellScriptBuildPhase;
			buildActionMask = 2147483647;
			files = (
			);
			inputFileListPaths = (
			);
			inputPaths = (
				"${PODS_PODFILE_DIR_PATH}/Podfile.lock",
				"${PODS_ROOT}/Manifest.lock",
			);
			name = "[CP] Check Pods Manifest.lock";
			outputFileListPaths = (
			);
			outputPaths = (
				"$(DERIVED_FILE_DIR)/Pods-PersonalDiary-checkManifestLockResult.txt",
			);
			runOnlyForDeploymentPostprocessing = 0;
			shellPath = /bin/sh;
			shellScript = "diff \"${PODS_PODFILE_DIR_PATH}/Podfile.lock\" \"${PODS_ROOT}/Manifest.lock\" > /dev/null\nif [ $? != 0 ] ; then\n    # print error to STDERR\n    echo \"error: The sandbox is not in sync with the Podfile.lock. Run 'pod install' or update your CocoaPods installation.\" >&2\n    exit 1\nfi\n# This output is used by Xcode 'outputs' to avoid re-running this script phase.\necho \"SUCCESS\" > \"${SCRIPT_OUTPUT_FILE_0}\"\n";
			showEnvVarsInLog = 0;
		};
		A5F510C853648A5D84FA156A /* [CP] Embed Pods Frameworks */ = {
			isa = PBXShellScriptBuildPhase;
			buildActionMask = 2147483647;
			files = (
			);
			inputFileListPaths = (
				"${PODS_ROOT}/Target Support Files/Pods-PersonalDiary/Pods-PersonalDiary-frameworks-${CONFIGURATION}-input-files.xcfilelist",
			);
			name = "[CP] Embed Pods Frameworks";
			outputFileListPaths = (
				"${PODS_ROOT}/Target Support Files/Pods-PersonalDiary/Pods-PersonalDiary-frameworks-${CONFIGURATION}-output-files.xcfilelist",
			);
			runOnlyForDeploymentPostprocessing = 0;
			shellPath = /bin/sh;
			shellScript = "\"${PODS_ROOT}/Target Support Files/Pods-PersonalDiary/Pods-PersonalDiary-frameworks.sh\"\n";
			showEnvVarsInLog = 0;
		};
/* End PBXShellScriptBuildPhase section */

/* Begin PBXSourcesBuildPhase section */
		AC72F49928B4E857001FD18D /* Sources */ = {
			isa = PBXSourcesBuildPhase;
			buildActionMask = 2147483647;
			files = (
				AC72F4A528B4E857001FD18D /* ViewController.swift in Sources */,
				AC72F4A128B4E857001FD18D /* AppDelegate.swift in Sources */,
				AC72F4A328B4E857001FD18D /* SceneDelegate.swift in Sources */,
				AC6EAB3628B4FF35004D5884 /* AssemblyPersonalDiary.swift in Sources */,
			);
			runOnlyForDeploymentPostprocessing = 0;
		};
/* End PBXSourcesBuildPhase section */

/* Begin PBXVariantGroup section */
		AC72F4AB28B4E859001FD18D /* LaunchScreen.storyboard */ = {
			isa = PBXVariantGroup;
			children = (
				AC72F4AC28B4E859001FD18D /* Base */,
			);
			name = LaunchScreen.storyboard;
			sourceTree = "<group>";
		};
/* End PBXVariantGroup section */

/* Begin XCBuildConfiguration section */
		AC72F4AF28B4E859001FD18D /* Debug */ = {
			isa = XCBuildConfiguration;
			buildSettings = {
				ALWAYS_SEARCH_USER_PATHS = NO;
				CLANG_ANALYZER_NONNULL = YES;
				CLANG_ANALYZER_NUMBER_OBJECT_CONVERSION = YES_AGGRESSIVE;
				CLANG_CXX_LANGUAGE_STANDARD = "gnu++17";
				CLANG_ENABLE_MODULES = YES;
				CLANG_ENABLE_OBJC_ARC = YES;
				CLANG_ENABLE_OBJC_WEAK = YES;
				CLANG_WARN_BLOCK_CAPTURE_AUTORELEASING = YES;
				CLANG_WARN_BOOL_CONVERSION = YES;
				CLANG_WARN_COMMA = YES;
				CLANG_WARN_CONSTANT_CONVERSION = YES;
				CLANG_WARN_DEPRECATED_OBJC_IMPLEMENTATIONS = YES;
				CLANG_WARN_DIRECT_OBJC_ISA_USAGE = YES_ERROR;
				CLANG_WARN_DOCUMENTATION_COMMENTS = YES;
				CLANG_WARN_EMPTY_BODY = YES;
				CLANG_WARN_ENUM_CONVERSION = YES;
				CLANG_WARN_INFINITE_RECURSION = YES;
				CLANG_WARN_INT_CONVERSION = YES;
				CLANG_WARN_NON_LITERAL_NULL_CONVERSION = YES;
				CLANG_WARN_OBJC_IMPLICIT_RETAIN_SELF = YES;
				CLANG_WARN_OBJC_LITERAL_CONVERSION = YES;
				CLANG_WARN_OBJC_ROOT_CLASS = YES_ERROR;
				CLANG_WARN_QUOTED_INCLUDE_IN_FRAMEWORK_HEADER = YES;
				CLANG_WARN_RANGE_LOOP_ANALYSIS = YES;
				CLANG_WARN_STRICT_PROTOTYPES = YES;
				CLANG_WARN_SUSPICIOUS_MOVE = YES;
				CLANG_WARN_UNGUARDED_AVAILABILITY = YES_AGGRESSIVE;
				CLANG_WARN_UNREACHABLE_CODE = YES;
				CLANG_WARN__DUPLICATE_METHOD_MATCH = YES;
				COPY_PHASE_STRIP = NO;
				DEBUG_INFORMATION_FORMAT = dwarf;
				ENABLE_STRICT_OBJC_MSGSEND = YES;
				ENABLE_TESTABILITY = YES;
				GCC_C_LANGUAGE_STANDARD = gnu11;
				GCC_DYNAMIC_NO_PIC = NO;
				GCC_NO_COMMON_BLOCKS = YES;
				GCC_OPTIMIZATION_LEVEL = 0;
				GCC_PREPROCESSOR_DEFINITIONS = (
					"DEBUG=1",
					"$(inherited)",
				);
				GCC_WARN_64_TO_32_BIT_CONVERSION = YES;
				GCC_WARN_ABOUT_RETURN_TYPE = YES_ERROR;
				GCC_WARN_UNDECLARED_SELECTOR = YES;
				GCC_WARN_UNINITIALIZED_AUTOS = YES_AGGRESSIVE;
				GCC_WARN_UNUSED_FUNCTION = YES;
				GCC_WARN_UNUSED_VARIABLE = YES;
				IPHONEOS_DEPLOYMENT_TARGET = 15.5;
				MTL_ENABLE_DEBUG_INFO = INCLUDE_SOURCE;
				MTL_FAST_MATH = YES;
				ONLY_ACTIVE_ARCH = YES;
				SDKROOT = iphoneos;
				SWIFT_ACTIVE_COMPILATION_CONDITIONS = DEBUG;
				SWIFT_OPTIMIZATION_LEVEL = "-Onone";
			};
			name = Debug;
		};
		AC72F4B028B4E859001FD18D /* Release */ = {
			isa = XCBuildConfiguration;
			buildSettings = {
				ALWAYS_SEARCH_USER_PATHS = NO;
				CLANG_ANALYZER_NONNULL = YES;
				CLANG_ANALYZER_NUMBER_OBJECT_CONVERSION = YES_AGGRESSIVE;
				CLANG_CXX_LANGUAGE_STANDARD = "gnu++17";
				CLANG_ENABLE_MODULES = YES;
				CLANG_ENABLE_OBJC_ARC = YES;
				CLANG_ENABLE_OBJC_WEAK = YES;
				CLANG_WARN_BLOCK_CAPTURE_AUTORELEASING = YES;
				CLANG_WARN_BOOL_CONVERSION = YES;
				CLANG_WARN_COMMA = YES;
				CLANG_WARN_CONSTANT_CONVERSION = YES;
				CLANG_WARN_DEPRECATED_OBJC_IMPLEMENTATIONS = YES;
				CLANG_WARN_DIRECT_OBJC_ISA_USAGE = YES_ERROR;
				CLANG_WARN_DOCUMENTATION_COMMENTS = YES;
				CLANG_WARN_EMPTY_BODY = YES;
				CLANG_WARN_ENUM_CONVERSION = YES;
				CLANG_WARN_INFINITE_RECURSION = YES;
				CLANG_WARN_INT_CONVERSION = YES;
				CLANG_WARN_NON_LITERAL_NULL_CONVERSION = YES;
				CLANG_WARN_OBJC_IMPLICIT_RETAIN_SELF = YES;
				CLANG_WARN_OBJC_LITERAL_CONVERSION = YES;
				CLANG_WARN_OBJC_ROOT_CLASS = YES_ERROR;
				CLANG_WARN_QUOTED_INCLUDE_IN_FRAMEWORK_HEADER = YES;
				CLANG_WARN_RANGE_LOOP_ANALYSIS = YES;
				CLANG_WARN_STRICT_PROTOTYPES = YES;
				CLANG_WARN_SUSPICIOUS_MOVE = YES;
				CLANG_WARN_UNGUARDED_AVAILABILITY = YES_AGGRESSIVE;
				CLANG_WARN_UNREACHABLE_CODE = YES;
				CLANG_WARN__DUPLICATE_METHOD_MATCH = YES;
				COPY_PHASE_STRIP = NO;
				DEBUG_INFORMATION_FORMAT = "dwarf-with-dsym";
				ENABLE_NS_ASSERTIONS = NO;
				ENABLE_STRICT_OBJC_MSGSEND = YES;
				GCC_C_LANGUAGE_STANDARD = gnu11;
				GCC_NO_COMMON_BLOCKS = YES;
				GCC_WARN_64_TO_32_BIT_CONVERSION = YES;
				GCC_WARN_ABOUT_RETURN_TYPE = YES_ERROR;
				GCC_WARN_UNDECLARED_SELECTOR = YES;
				GCC_WARN_UNINITIALIZED_AUTOS = YES_AGGRESSIVE;
				GCC_WARN_UNUSED_FUNCTION = YES;
				GCC_WARN_UNUSED_VARIABLE = YES;
				IPHONEOS_DEPLOYMENT_TARGET = 15.5;
				MTL_ENABLE_DEBUG_INFO = NO;
				MTL_FAST_MATH = YES;
				SDKROOT = iphoneos;
				SWIFT_COMPILATION_MODE = wholemodule;
				SWIFT_OPTIMIZATION_LEVEL = "-O";
				VALIDATE_PRODUCT = YES;
			};
			name = Release;
		};
		AC72F4B228B4E859001FD18D /* Debug */ = {
			isa = XCBuildConfiguration;
			baseConfigurationReference = 83F9009C3FC0CBA619E0E404 /* Pods-PersonalDiary.debug.xcconfig */;
			buildSettings = {
				ASSETCATALOG_COMPILER_APPICON_NAME = AppIcon;
				ASSETCATALOG_COMPILER_GLOBAL_ACCENT_COLOR_NAME = AccentColor;
				CODE_SIGN_STYLE = Automatic;
				CURRENT_PROJECT_VERSION = 1;
				DEVELOPMENT_TEAM = VTP9H54JX3;
				GENERATE_INFOPLIST_FILE = YES;
				INFOPLIST_FILE = PersonalDiary/Info.plist;
				INFOPLIST_KEY_UIApplicationSupportsIndirectInputEvents = YES;
				INFOPLIST_KEY_UILaunchStoryboardName = LaunchScreen;
				INFOPLIST_KEY_UISupportedInterfaceOrientations_iPad = "UIInterfaceOrientationPortrait UIInterfaceOrientationPortraitUpsideDown UIInterfaceOrientationLandscapeLeft UIInterfaceOrientationLandscapeRight";
				INFOPLIST_KEY_UISupportedInterfaceOrientations_iPhone = "UIInterfaceOrientationPortrait UIInterfaceOrientationLandscapeLeft UIInterfaceOrientationLandscapeRight";
				LD_RUNPATH_SEARCH_PATHS = (
					"$(inherited)",
					"@executable_path/Frameworks",
				);
				MARKETING_VERSION = 1.0;
				PRODUCT_BUNDLE_IDENTIFIER = me.avsrb.PersonalDiary;
				PRODUCT_NAME = "$(TARGET_NAME)";
				SWIFT_EMIT_LOC_STRINGS = YES;
				SWIFT_VERSION = 5.0;
				TARGETED_DEVICE_FAMILY = "1,2";
			};
			name = Debug;
		};
		AC72F4B328B4E859001FD18D /* Release */ = {
			isa = XCBuildConfiguration;
			baseConfigurationReference = A9BD17CC1128748E48FC7DEC /* Pods-PersonalDiary.release.xcconfig */;
			buildSettings = {
				ASSETCATALOG_COMPILER_APPICON_NAME = AppIcon;
				ASSETCATALOG_COMPILER_GLOBAL_ACCENT_COLOR_NAME = AccentColor;
				CODE_SIGN_STYLE = Automatic;
				CURRENT_PROJECT_VERSION = 1;
				DEVELOPMENT_TEAM = VTP9H54JX3;
				GENERATE_INFOPLIST_FILE = YES;
				INFOPLIST_FILE = PersonalDiary/Info.plist;
				INFOPLIST_KEY_UIApplicationSupportsIndirectInputEvents = YES;
				INFOPLIST_KEY_UILaunchStoryboardName = LaunchScreen;
				INFOPLIST_KEY_UISupportedInterfaceOrientations_iPad = "UIInterfaceOrientationPortrait UIInterfaceOrientationPortraitUpsideDown UIInterfaceOrientationLandscapeLeft UIInterfaceOrientationLandscapeRight";
				INFOPLIST_KEY_UISupportedInterfaceOrientations_iPhone = "UIInterfaceOrientationPortrait UIInterfaceOrientationLandscapeLeft UIInterfaceOrientationLandscapeRight";
				LD_RUNPATH_SEARCH_PATHS = (
					"$(inherited)",
					"@executable_path/Frameworks",
				);
				MARKETING_VERSION = 1.0;
				PRODUCT_BUNDLE_IDENTIFIER = me.avsrb.PersonalDiary;
				PRODUCT_NAME = "$(TARGET_NAME)";
				SWIFT_EMIT_LOC_STRINGS = YES;
				SWIFT_VERSION = 5.0;
				TARGETED_DEVICE_FAMILY = "1,2";
			};
			name = Release;
		};
/* End XCBuildConfiguration section */

/* Begin XCConfigurationList section */
		AC72F49828B4E857001FD18D /* Build configuration list for PBXProject "PersonalDiary" */ = {
			isa = XCConfigurationList;
			buildConfigurations = (
				AC72F4AF28B4E859001FD18D /* Debug */,
				AC72F4B028B4E859001FD18D /* Release */,
			);
			defaultConfigurationIsVisible = 0;
			defaultConfigurationName = Release;
		};
		AC72F4B128B4E859001FD18D /* Build configuration list for PBXNativeTarget "PersonalDiary" */ = {
			isa = XCConfigurationList;
			buildConfigurations = (
				AC72F4B228B4E859001FD18D /* Debug */,
				AC72F4B328B4E859001FD18D /* Release */,
			);
			defaultConfigurationIsVisible = 0;
			defaultConfigurationName = Release;
		};
/* End XCConfigurationList section */
	};
	rootObject = AC72F49528B4E857001FD18D /* Project object */;
}
